<Solution>
  <Project Path="../SalesOrders/AWMicroservices.SalesOrders.API/AWMicroservices.SalesOrders.API.csproj" />
  <Project Path="../SalesOrders/AWMicroservices.SalesOrders.Application/AWMicroservices.SalesOrders.Application.csproj" />
  <Project Path="../SalesOrders/AWMicroservices.SalesOrders.Domain/AWMicroservices.SalesOrders.Domain.csproj" />
  <Project Path="../SalesOrders/AWMicroservices.SalesOrders.Infrastructure/AWMicroservices.SalesOrders.Infrastructure.csproj" />
</Solution>
